# THIS IS AN AUTOGENERATED FILE. DO NOT EDIT THIS FILE DIRECTLY.
# yarn lockfile v1


"@nestjs/swagger@^3.0.1":
  version "3.0.1"
  resolved "https://registry.yarnpkg.com/@nestjs/swagger/-/swagger-3.0.1.tgz#294dd865ac35d483c4695acb479ff1e9a833a943"
  integrity sha512-cVDFSdWCLAsrRv4P+UFuwU0v6q6tJROx6rjW3C9axeUzlMTRjTRUW490kt2y9exUbKZ4vu7yEH+YcbjCoBHNEw==
  dependencies:
    lodash "4.17.11"
    path-to-regexp "3.0.0"
    swagger-ui-express "4.0.2"

lodash@4.17.11:
  version "4.17.11"
  resolved "https://registry.yarnpkg.com/lodash/-/lodash-4.17.11.tgz#b39ea6229ef607ecd89e2c8df12536891cac9b8d"
  integrity sha512-cQKh8igo5QUhZ7lg38DYWAxMvjSAKG0A8wGSVimP07SIUEK2UO+arSRKbRZWtelMtN5V0Hkwh5ryOto/SshYIg==

path-to-regexp@3.0.0:
  version "3.0.0"
  resolved "https://registry.yarnpkg.com/path-to-regexp/-/path-to-regexp-3.0.0.tgz#c981a218f3df543fa28696be2f88e0c58d2e012a"
  integrity sha512-ZOtfhPttCrqp2M1PBBH4X13XlvnfhIwD7yCLx+GoGoXRPQyxGOTdQMpIzPSPKXAJT/JQrdfFrgdJOyAzvgpQ9A==

swagger-ui-dist@^3.18.1:
  version "3.21.0"
  resolved "https://registry.yarnpkg.com/swagger-ui-dist/-/swagger-ui-dist-3.21.0.tgz#172bdd39d7d2efd4d4998411702ebe562a934631"
  integrity sha512-bAhzzpujhSIXdzpSI9b9RpvahC556lxcOIXxt1OOtTIasYodpy94gDlanQl4j7xavmi4nhaGiZ9iBcoFO+wHlA==

swagger-ui-express@4.0.2:
  version "4.0.2"
  resolved "https://registry.yarnpkg.com/swagger-ui-express/-/swagger-ui-express-4.0.2.tgz#8fae60038b990258dc14e07ea3427e93fb621622"
  integrity sha512-XZtXI2+SKT3fgvJSGg4P7Dtmkzr50uoSb09IxbUWmjL538TIGRMZtfdEkjZEEq44xgGNAxMryzBEUdUnkXr8dA==
  dependencies:
    swagger-ui-dist "^3.18.1"
